
Microsoft Visual Studio Solution File, Format Version 12.00
# Visual Studio Version 17
VisualStudioVersion = 17.7.34221.43
MinimumVisualStudioVersion = 10.0.40219.1
Project("{FAE04EC0-301F-11D3-BF4B-00C04F79EFBC}") = "Eu2", "Eu2.csproj", "{C48ED3E2-97C8-4C3B-AE27-4FAAED79B705}"
EndProject
Project("{FAE04EC0-301F-11D3-BF4B-00C04F79EFBC}") = "Datos", "Datos\Datos.csproj", "{3055CA38-54AF-42E4-B4FD-ED8CC083B439}"
EndProject
Project("{FAE04EC0-301F-11D3-BF4B-00C04F79EFBC}") = "Modelo", "Modelo\Modelo.csproj", "{A80D089D-F242-476D-8D7A-673ED98AB65C}"
EndProject
Global
	GlobalSection(SolutionConfigurationPlatforms) = preSolution
		Debug|Any CPU = Debug|Any CPU
		Release|Any CPU = Release|Any CPU
	EndGlobalSection
	GlobalSection(ProjectConfigurationPlatforms) = postSolution
		{C48ED3E2-97C8-4C3B-AE27-4FAAED79B705}.Debug|Any CPU.ActiveCfg = Debug|Any CPU
		{C48ED3E2-97C8-4C3B-AE27-4FAAED79B705}.Debug|Any CPU.Build.0 = Debug|Any CPU
		{C48ED3E2-97C8-4C3B-AE27-4FAAED79B705}.Release|Any CPU.ActiveCfg = Release|Any CPU
		{C48ED3E2-97C8-4C3B-AE27-4FAAED79B705}.Release|Any CPU.Build.0 = Release|Any CPU
		{3055CA38-54AF-42E4-B4FD-ED8CC083B439}.Debug|Any CPU.ActiveCfg = Debug|Any CPU
		{3055CA38-54AF-42E4-B4FD-ED8CC083B439}.Debug|Any CPU.Build.0 = Debug|Any CPU
		{3055CA38-54AF-42E4-B4FD-ED8CC083B439}.Release|Any CPU.ActiveCfg = Release|Any CPU
		{3055CA38-54AF-42E4-B4FD-ED8CC083B439}.Release|Any CPU.Build.0 = Release|Any CPU
		{A80D089D-F242-476D-8D7A-673ED98AB65C}.Debug|Any CPU.ActiveCfg = Debug|Any CPU
		{A80D089D-F242-476D-8D7A-673ED98AB65C}.Debug|Any CPU.Build.0 = Debug|Any CPU
		{A80D089D-F242-476D-8D7A-673ED98AB65C}.Release|Any CPU.ActiveCfg = Release|Any CPU
		{A80D089D-F242-476D-8D7A-673ED98AB65C}.Release|Any CPU.Build.0 = Release|Any CPU
	EndGlobalSection
	GlobalSection(SolutionProperties) = preSolution
		HideSolutionNode = FALSE
	EndGlobalSection
	GlobalSection(ExtensibilityGlobals) = postSolution
		SolutionGuid = {E3809736-1FBD-48EA-B719-CC9AF9E33733}
	EndGlobalSection
EndGlobal
